
Microsoft Visual Studio Solution File, Format Version 12.00
# Visual Studio Version 17
VisualStudioVersion = 17.8.34309.116
MinimumVisualStudioVersion = 10.0.40219.1
Project("{FAE04EC0-301F-11D3-BF4B-00C04F79EFBC}") = "TDR.TaskPlanner.ConsoleRunner", "TDR.TaskPlanner.ConsoleRunner\TDR.TaskPlanner.ConsoleRunner.csproj", "{EAFC87CB-3A4D-4827-A113-D6CC017315E6}"
	ProjectSection(ProjectDependencies) = postProject
		{F110EC53-C1BD-4A90-8498-E8ECB076A1B2} = {F110EC53-C1BD-4A90-8498-E8ECB076A1B2}
	EndProjectSection
EndProject
Project("{FAE04EC0-301F-11D3-BF4B-00C04F79EFBC}") = "Domain.Models", "Domain.Models\Domain.Models.csproj", "{F110EC53-C1BD-4A90-8498-E8ECB076A1B2}"
EndProject
Project("{FAE04EC0-301F-11D3-BF4B-00C04F79EFBC}") = "Domain.Logic", "Domain.Logic\Domain.Logic.csproj", "{897DA979-71D9-4C84-8446-DBB2DEB669D1}"
EndProject
Global
	GlobalSection(SolutionConfigurationPlatforms) = preSolution
		Debug|Any CPU = Debug|Any CPU
		Release|Any CPU = Release|Any CPU
	EndGlobalSection
	GlobalSection(ProjectConfigurationPlatforms) = postSolution
		{EAFC87CB-3A4D-4827-A113-D6CC017315E6}.Debug|Any CPU.ActiveCfg = Debug|Any CPU
		{EAFC87CB-3A4D-4827-A113-D6CC017315E6}.Debug|Any CPU.Build.0 = Debug|Any CPU
		{EAFC87CB-3A4D-4827-A113-D6CC017315E6}.Release|Any CPU.ActiveCfg = Release|Any CPU
		{EAFC87CB-3A4D-4827-A113-D6CC017315E6}.Release|Any CPU.Build.0 = Release|Any CPU
		{F110EC53-C1BD-4A90-8498-E8ECB076A1B2}.Debug|Any CPU.ActiveCfg = Debug|Any CPU
		{F110EC53-C1BD-4A90-8498-E8ECB076A1B2}.Debug|Any CPU.Build.0 = Debug|Any CPU
		{F110EC53-C1BD-4A90-8498-E8ECB076A1B2}.Release|Any CPU.ActiveCfg = Release|Any CPU
		{F110EC53-C1BD-4A90-8498-E8ECB076A1B2}.Release|Any CPU.Build.0 = Release|Any CPU
		{897DA979-71D9-4C84-8446-DBB2DEB669D1}.Debug|Any CPU.ActiveCfg = Debug|Any CPU
		{897DA979-71D9-4C84-8446-DBB2DEB669D1}.Debug|Any CPU.Build.0 = Debug|Any CPU
		{897DA979-71D9-4C84-8446-DBB2DEB669D1}.Release|Any CPU.ActiveCfg = Release|Any CPU
		{897DA979-71D9-4C84-8446-DBB2DEB669D1}.Release|Any CPU.Build.0 = Release|Any CPU
	EndGlobalSection
	GlobalSection(SolutionProperties) = preSolution
		HideSolutionNode = FALSE
	EndGlobalSection
	GlobalSection(ExtensibilityGlobals) = postSolution
		SolutionGuid = {158A4879-9852-4E3A-8C78-8FEA9589979D}
	EndGlobalSection
EndGlobal
